
Microsoft Visual Studio Solution File, Format Version 12.00
# Visual Studio Version 17
VisualStudioVersion = 17.5.33530.505
MinimumVisualStudioVersion = 10.0.40219.1
Project("{9A19103F-16F7-4668-BE54-9A1E7A4F7556}") = "S2DataTypesAndVariables", "DataTypesAndVariables\S2DataTypesAndVariables.csproj", "{4215ADD4-67CF-4CC6-B7F1-CCF9EC3BAC02}"
EndProject
Project("{9A19103F-16F7-4668-BE54-9A1E7A4F7556}") = "S3FunctionsMethods", "S3FunctionsMethods\S3FunctionsMethods.csproj", "{7D2713B9-0263-409B-8DD1-059CEBEE06B8}"
EndProject
Project("{9A19103F-16F7-4668-BE54-9A1E7A4F7556}") = "S4MakingDecisions", "S4MakingDecisions\S4MakingDecisions.csproj", "{F882969C-92E1-4085-92D4-3B479DA072A2}"
EndProject
Project("{9A19103F-16F7-4668-BE54-9A1E7A4F7556}") = "S5Loops", "S5Loops\S5Loops.csproj", "{4D0CC268-4132-4E7C-B1C5-D34A7AF7DAD6}"
EndProject
Project("{9A19103F-16F7-4668-BE54-9A1E7A4F7556}") = "S6ObjectOrientedProgramming", "S6ObjectOrientedProgramming\S6ObjectOrientedProgramming.csproj", "{5FBC4DEC-43F6-479F-B444-7A6A2199384E}"
EndProject
Project("{9A19103F-16F7-4668-BE54-9A1E7A4F7556}") = "S6V82VsShortcuts", "S6V82VsShortcuts\S6V82VsShortcuts.csproj", "{AD048631-E839-465E-BC52-1C608DBC2B45}"
EndProject
Project("{FAE04EC0-301F-11D3-BF4B-00C04F79EFBC}") = "S6V91MembersAndFinalizersDestructors", "S6V91MembersAndFinalizersDestructors\S6V91MembersAndFinalizersDestructors.csproj", "{DEFDDF9A-6200-4CC2-8D2B-A4FD54FB7838}"
EndProject
Global
	GlobalSection(SolutionConfigurationPlatforms) = preSolution
		Debug|Any CPU = Debug|Any CPU
		Release|Any CPU = Release|Any CPU
	EndGlobalSection
	GlobalSection(ProjectConfigurationPlatforms) = postSolution
		{4215ADD4-67CF-4CC6-B7F1-CCF9EC3BAC02}.Debug|Any CPU.ActiveCfg = Debug|Any CPU
		{4215ADD4-67CF-4CC6-B7F1-CCF9EC3BAC02}.Debug|Any CPU.Build.0 = Debug|Any CPU
		{4215ADD4-67CF-4CC6-B7F1-CCF9EC3BAC02}.Release|Any CPU.ActiveCfg = Release|Any CPU
		{4215ADD4-67CF-4CC6-B7F1-CCF9EC3BAC02}.Release|Any CPU.Build.0 = Release|Any CPU
		{7D2713B9-0263-409B-8DD1-059CEBEE06B8}.Debug|Any CPU.ActiveCfg = Debug|Any CPU
		{7D2713B9-0263-409B-8DD1-059CEBEE06B8}.Debug|Any CPU.Build.0 = Debug|Any CPU
		{7D2713B9-0263-409B-8DD1-059CEBEE06B8}.Release|Any CPU.ActiveCfg = Release|Any CPU
		{7D2713B9-0263-409B-8DD1-059CEBEE06B8}.Release|Any CPU.Build.0 = Release|Any CPU
		{F882969C-92E1-4085-92D4-3B479DA072A2}.Debug|Any CPU.ActiveCfg = Debug|Any CPU
		{F882969C-92E1-4085-92D4-3B479DA072A2}.Debug|Any CPU.Build.0 = Debug|Any CPU
		{F882969C-92E1-4085-92D4-3B479DA072A2}.Release|Any CPU.ActiveCfg = Release|Any CPU
		{F882969C-92E1-4085-92D4-3B479DA072A2}.Release|Any CPU.Build.0 = Release|Any CPU
		{4D0CC268-4132-4E7C-B1C5-D34A7AF7DAD6}.Debug|Any CPU.ActiveCfg = Debug|Any CPU
		{4D0CC268-4132-4E7C-B1C5-D34A7AF7DAD6}.Debug|Any CPU.Build.0 = Debug|Any CPU
		{4D0CC268-4132-4E7C-B1C5-D34A7AF7DAD6}.Release|Any CPU.ActiveCfg = Release|Any CPU
		{4D0CC268-4132-4E7C-B1C5-D34A7AF7DAD6}.Release|Any CPU.Build.0 = Release|Any CPU
		{5FBC4DEC-43F6-479F-B444-7A6A2199384E}.Debug|Any CPU.ActiveCfg = Debug|Any CPU
		{5FBC4DEC-43F6-479F-B444-7A6A2199384E}.Debug|Any CPU.Build.0 = Debug|Any CPU
		{5FBC4DEC-43F6-479F-B444-7A6A2199384E}.Release|Any CPU.ActiveCfg = Release|Any CPU
		{5FBC4DEC-43F6-479F-B444-7A6A2199384E}.Release|Any CPU.Build.0 = Release|Any CPU
		{AD048631-E839-465E-BC52-1C608DBC2B45}.Debug|Any CPU.ActiveCfg = Debug|Any CPU
		{AD048631-E839-465E-BC52-1C608DBC2B45}.Debug|Any CPU.Build.0 = Debug|Any CPU
		{AD048631-E839-465E-BC52-1C608DBC2B45}.Release|Any CPU.ActiveCfg = Release|Any CPU
		{AD048631-E839-465E-BC52-1C608DBC2B45}.Release|Any CPU.Build.0 = Release|Any CPU
		{DEFDDF9A-6200-4CC2-8D2B-A4FD54FB7838}.Debug|Any CPU.ActiveCfg = Debug|Any CPU
		{DEFDDF9A-6200-4CC2-8D2B-A4FD54FB7838}.Debug|Any CPU.Build.0 = Debug|Any CPU
		{DEFDDF9A-6200-4CC2-8D2B-A4FD54FB7838}.Release|Any CPU.ActiveCfg = Release|Any CPU
		{DEFDDF9A-6200-4CC2-8D2B-A4FD54FB7838}.Release|Any CPU.Build.0 = Release|Any CPU
	EndGlobalSection
	GlobalSection(SolutionProperties) = preSolution
		HideSolutionNode = FALSE
	EndGlobalSection
	GlobalSection(ExtensibilityGlobals) = postSolution
		SolutionGuid = {BF8B8434-95FC-45FE-83F4-FD2918A1B269}
	EndGlobalSection
EndGlobal
